
Microsoft Visual Studio Solution File, Format Version 12.00
# Visual Studio Version 16
VisualStudioVersion = 16.0.31229.75
MinimumVisualStudioVersion = 10.0.40219.1
Project("{FAE04EC0-301F-11D3-BF4B-00C04F79EFBC}") = "PrimeirosFontes", "PrimeirosFontes\PrimeirosFontes.csproj", "{28FFC9F1-F216-441D-8B70-F6D167AE6EA6}"
EndProject
Global
	GlobalSection(SolutionConfigurationPlatforms) = preSolution
		Debug|Any CPU = Debug|Any CPU
		Release|Any CPU = Release|Any CPU
	EndGlobalSection
	GlobalSection(ProjectConfigurationPlatforms) = postSolution
		{28FFC9F1-F216-441D-8B70-F6D167AE6EA6}.Debug|Any CPU.ActiveCfg = Debug|Any CPU
		{28FFC9F1-F216-441D-8B70-F6D167AE6EA6}.Debug|Any CPU.Build.0 = Debug|Any CPU
		{28FFC9F1-F216-441D-8B70-F6D167AE6EA6}.Release|Any CPU.ActiveCfg = Release|Any CPU
		{28FFC9F1-F216-441D-8B70-F6D167AE6EA6}.Release|Any CPU.Build.0 = Release|Any CPU
	EndGlobalSection
	GlobalSection(SolutionProperties) = preSolution
		HideSolutionNode = FALSE
	EndGlobalSection
	GlobalSection(ExtensibilityGlobals) = postSolution
		SolutionGuid = {D5574C1E-C090-4819-9266-F61A12DC458B}
	EndGlobalSection
EndGlobal
